
Microsoft Visual Studio Solution File, Format Version 12.00
# Visual Studio Version 17
VisualStudioVersion = 17.3.32811.315
MinimumVisualStudioVersion = 10.0.40219.1
Project("{FAE04EC0-301F-11D3-BF4B-00C04F79EFBC}") = "Project 2", "Project 2\Project 2.csproj", "{AAF8CE97-5607-4D74-848C-E30A3FDFABCB}"
EndProject
Global
	GlobalSection(SolutionConfigurationPlatforms) = preSolution
		Debug|Any CPU = Debug|Any CPU
		Release|Any CPU = Release|Any CPU
	EndGlobalSection
	GlobalSection(ProjectConfigurationPlatforms) = postSolution
		{AAF8CE97-5607-4D74-848C-E30A3FDFABCB}.Debug|Any CPU.ActiveCfg = Debug|Any CPU
		{AAF8CE97-5607-4D74-848C-E30A3FDFABCB}.Debug|Any CPU.Build.0 = Debug|Any CPU
		{AAF8CE97-5607-4D74-848C-E30A3FDFABCB}.Release|Any CPU.ActiveCfg = Release|Any CPU
		{AAF8CE97-5607-4D74-848C-E30A3FDFABCB}.Release|Any CPU.Build.0 = Release|Any CPU
	EndGlobalSection
	GlobalSection(SolutionProperties) = preSolution
		HideSolutionNode = FALSE
	EndGlobalSection
	GlobalSection(ExtensibilityGlobals) = postSolution
		SolutionGuid = {321A83A5-5D3E-4127-A248-3BCB2BEF9DF7}
	EndGlobalSection
EndGlobal
